{
  "version": 4,
  "terraform_version": "1.1.3",
  "serial": 63,
  "lineage": "bbfc7c9b-b755-425c-de35-5bd8a341f941",
  "outputs": {
    "base_url": {
      "value": "https://2mq883kes5.execute-api.eu-west-1.amazonaws.com/Prod",
      "type": "string"
    }
  },
  "resources": [
    {
      "mode": "managed",
      "type": "aws_api_gateway_deployment",
      "name": "apideploy",
      "provider": "provider[\"registry.terraform.io/hashicorp/aws\"]",
      "instances": [
        {
          "schema_version": 0,
          "attributes": {
            "created_date": "2022-01-26T10:39:15Z",
            "description": "",
            "execution_arn": "arn:aws:execute-api:eu-west-1:296274010522:2mq883kes5/Prod",
            "id": "irgrwm",
            "invoke_url": "https://2mq883kes5.execute-api.eu-west-1.amazonaws.com/Prod",
            "rest_api_id": "2mq883kes5",
            "stage_description": null,
            "stage_name": "Prod",
            "triggers": null,
            "variables": null
          },
          "sensitive_attributes": [],
          "private": "bnVsbA==",
          "dependencies": [
            "aws_api_gateway_integration.readInt",
            "aws_api_gateway_integration.writeInt",
            "aws_api_gateway_method.readMethod",
            "aws_api_gateway_method.writeMethod",
            "aws_api_gateway_resource.readResource",
            "aws_api_gateway_resource.writeResource",
            "aws_api_gateway_rest_api.apiLambda",
            "aws_iam_role.readRole",
            "aws_iam_role.writeRole",
            "aws_lambda_function.readLambda",
            "aws_lambda_function.writeLambda"
          ]
        }
      ]
    },
    {
      "mode": "managed",
      "type": "aws_api_gateway_integration",
      "name": "readInt",
      "provider": "provider[\"registry.terraform.io/hashicorp/aws\"]",
      "instances": [
        {
          "schema_version": 0,
          "attributes": {
            "cache_key_parameters": null,
            "cache_namespace": "01wfua",
            "connection_id": "",
            "connection_type": "INTERNET",
            "content_handling": "",
            "credentials": "",
            "http_method": "POST",
            "id": "agi-2mq883kes5-01wfua-POST",
            "integration_http_method": "POST",
            "passthrough_behavior": "WHEN_NO_MATCH",
            "request_parameters": null,
            "request_templates": null,
            "resource_id": "01wfua",
            "rest_api_id": "2mq883kes5",
            "timeout_milliseconds": 29000,
            "tls_config": [],
            "type": "AWS_PROXY",
            "uri": "arn:aws:apigateway:eu-west-1:lambda:path/2015-03-31/functions/arn:aws:lambda:eu-west-1:296274010522:function:readLambda/invocations"
          },
          "sensitive_attributes": [],
          "private": "bnVsbA==",
          "dependencies": [
            "aws_api_gateway_method.readMethod",
            "aws_api_gateway_resource.readResource",
            "aws_api_gateway_rest_api.apiLambda",
            "aws_iam_role.readRole",
            "aws_lambda_function.readLambda"
          ]
        }
      ]
    },
    {
      "mode": "managed",
      "type": "aws_api_gateway_integration",
      "name": "writeInt",
      "provider": "provider[\"registry.terraform.io/hashicorp/aws\"]",
      "instances": [
        {
          "schema_version": 0,
          "attributes": {
            "cache_key_parameters": null,
            "cache_namespace": "hbbhwi",
            "connection_id": "",
            "connection_type": "INTERNET",
            "content_handling": "",
            "credentials": "",
            "http_method": "POST",
            "id": "agi-2mq883kes5-hbbhwi-POST",
            "integration_http_method": "POST",
            "passthrough_behavior": "WHEN_NO_MATCH",
            "request_parameters": null,
            "request_templates": null,
            "resource_id": "hbbhwi",
            "rest_api_id": "2mq883kes5",
            "timeout_milliseconds": 29000,
            "tls_config": [],
            "type": "AWS_PROXY",
            "uri": "arn:aws:apigateway:eu-west-1:lambda:path/2015-03-31/functions/arn:aws:lambda:eu-west-1:296274010522:function:writeLambda/invocations"
          },
          "sensitive_attributes": [],
          "private": "bnVsbA==",
          "dependencies": [
            "aws_api_gateway_method.writeMethod",
            "aws_api_gateway_resource.writeResource",
            "aws_api_gateway_rest_api.apiLambda",
            "aws_iam_role.writeRole",
            "aws_lambda_function.writeLambda"
          ]
        }
      ]
    },
    {
      "mode": "managed",
      "type": "aws_api_gateway_method",
      "name": "readMethod",
      "provider": "provider[\"registry.terraform.io/hashicorp/aws\"]",
      "instances": [
        {
          "schema_version": 0,
          "attributes": {
            "api_key_required": false,
            "authorization": "NONE",
            "authorization_scopes": [],
            "authorizer_id": "",
            "http_method": "POST",
            "id": "agm-2mq883kes5-01wfua-POST",
            "operation_name": "",
            "request_models": {},
            "request_parameters": {},
            "request_validator_id": "",
            "resource_id": "01wfua",
            "rest_api_id": "2mq883kes5"
          },
          "sensitive_attributes": [],
          "private": "bnVsbA==",
          "dependencies": [
            "aws_api_gateway_resource.readResource",
            "aws_api_gateway_rest_api.apiLambda"
          ]
        }
      ]
    },
    {
      "mode": "managed",
      "type": "aws_api_gateway_method",
      "name": "writeMethod",
      "provider": "provider[\"registry.terraform.io/hashicorp/aws\"]",
      "instances": [
        {
          "schema_version": 0,
          "attributes": {
            "api_key_required": false,
            "authorization": "NONE",
            "authorization_scopes": [],
            "authorizer_id": "",
            "http_method": "POST",
            "id": "agm-2mq883kes5-hbbhwi-POST",
            "operation_name": "",
            "request_models": {},
            "request_parameters": {},
            "request_validator_id": "",
            "resource_id": "hbbhwi",
            "rest_api_id": "2mq883kes5"
          },
          "sensitive_attributes": [],
          "private": "bnVsbA==",
          "dependencies": [
            "aws_api_gateway_resource.writeResource",
            "aws_api_gateway_rest_api.apiLambda"
          ]
        }
      ]
    },
    {
      "mode": "managed",
      "type": "aws_api_gateway_resource",
      "name": "readResource",
      "provider": "provider[\"registry.terraform.io/hashicorp/aws\"]",
      "instances": [
        {
          "schema_version": 0,
          "attributes": {
            "id": "01wfua",
            "parent_id": "v6myboh2ck",
            "path": "/readdb",
            "path_part": "readdb",
            "rest_api_id": "2mq883kes5"
          },
          "sensitive_attributes": [],
          "private": "bnVsbA==",
          "dependencies": [
            "aws_api_gateway_rest_api.apiLambda"
          ]
        }
      ]
    },
    {
      "mode": "managed",
      "type": "aws_api_gateway_resource",
      "name": "writeResource",
      "provider": "provider[\"registry.terraform.io/hashicorp/aws\"]",
      "instances": [
        {
          "schema_version": 0,
          "attributes": {
            "id": "hbbhwi",
            "parent_id": "v6myboh2ck",
            "path": "/writedb",
            "path_part": "writedb",
            "rest_api_id": "2mq883kes5"
          },
          "sensitive_attributes": [],
          "private": "bnVsbA==",
          "dependencies": [
            "aws_api_gateway_rest_api.apiLambda"
          ]
        }
      ]
    },
    {
      "mode": "managed",
      "type": "aws_api_gateway_rest_api",
      "name": "apiLambda",
      "provider": "provider[\"registry.terraform.io/hashicorp/aws\"]",
      "instances": [
        {
          "schema_version": 0,
          "attributes": {
            "api_key_source": "HEADER",
            "arn": "arn:aws:apigateway:eu-west-1::/restapis/2mq883kes5",
            "binary_media_types": [],
            "body": null,
            "created_date": "2022-01-26T10:35:44Z",
            "description": "",
            "disable_execute_api_endpoint": false,
            "endpoint_configuration": [
              {
                "types": [
                  "EDGE"
                ],
                "vpc_endpoint_ids": []
              }
            ],
            "execution_arn": "arn:aws:execute-api:eu-west-1:296274010522:2mq883kes5",
            "id": "2mq883kes5",
            "minimum_compression_size": -1,
            "name": "myAPI",
            "parameters": null,
            "policy": "",
            "root_resource_id": "v6myboh2ck",
            "tags": {},
            "tags_all": {}
          },
          "sensitive_attributes": [],
          "private": "bnVsbA=="
        }
      ]
    },
    {
      "mode": "managed",
      "type": "aws_dynamodb_table",
      "name": "ddbtable",
      "provider": "provider[\"registry.terraform.io/hashicorp/aws\"]",
      "instances": [
        {
          "schema_version": 1,
          "attributes": {
            "arn": "arn:aws:dynamodb:eu-west-1:296274010522:table/myTable-007",
            "attribute": [
              {
                "name": "id",
                "type": "S"
              }
            ],
            "billing_mode": "PROVISIONED",
            "global_secondary_index": [],
            "hash_key": "id",
            "id": "myTable-007",
            "local_secondary_index": [],
            "name": "myTable-007",
            "point_in_time_recovery": [
              {
                "enabled": false
              }
            ],
            "range_key": null,
            "read_capacity": 5,
            "replica": [],
            "restore_date_time": null,
            "restore_source_name": null,
            "restore_to_latest_time": null,
            "server_side_encryption": [],
            "stream_arn": "",
            "stream_enabled": false,
            "stream_label": "",
            "stream_view_type": "",
            "table_class": "",
            "tags": {},
            "tags_all": {},
            "timeouts": null,
            "ttl": [
              {
                "attribute_name": "",
                "enabled": false
              }
            ],
            "write_capacity": 5
          },
          "sensitive_attributes": [],
          "private": "eyJlMmJmYjczMC1lY2FhLTExZTYtOGY4OC0zNDM2M2JjN2M0YzAiOnsiY3JlYXRlIjoxODAwMDAwMDAwMDAwLCJkZWxldGUiOjYwMDAwMDAwMDAwMCwidXBkYXRlIjozNjAwMDAwMDAwMDAwfSwic2NoZW1hX3ZlcnNpb24iOiIxIn0="
        }
      ]
    },
    {
      "mode": "managed",
      "type": "aws_iam_role",
      "name": "readRole",
      "provider": "provider[\"registry.terraform.io/hashicorp/aws\"]",
      "instances": [
        {
          "schema_version": 0,
          "attributes": {
            "arn": "arn:aws:iam::296274010522:role/myReadRole",
            "assume_role_policy": "{\"Version\":\"2012-10-17\",\"Statement\":[{\"Effect\":\"Allow\",\"Principal\":{\"Service\":\"lambda.amazonaws.com\"},\"Action\":\"sts:AssumeRole\"}]}",
            "create_date": "2022-01-26T10:35:44Z",
            "description": "",
            "force_detach_policies": false,
            "id": "myReadRole",
            "inline_policy": [
              {
                "name": "lambda_read_policy",
                "policy": "{\n  \"Version\": \"2012-10-17\",\n  \"Statement\": [\n    {\n      \"Sid\": \"Stmt1604732925387\",\n      \"Action\": [\n        \"dynamodb:BatchGetItem\",\n        \"dynamodb:GetItem\",\n        \"dynamodb:Query\",\n        \"dynamodb:Scan\"\n      ],\n      \"Effect\": \"Allow\",\n      \"Resource\": \"arn:aws:dynamodb:eu-west-1:0000000:table/myTable-007\"\n    }\n  ]\n}\n"
              }
            ],
            "managed_policy_arns": [],
            "max_session_duration": 3600,
            "name": "myReadRole",
            "name_prefix": "",
            "path": "/",
            "permissions_boundary": null,
            "tags": {},
            "tags_all": {},
            "unique_id": "AROAUJ62OUGNK4NPWXLEK"
          },
          "sensitive_attributes": [],
          "private": "bnVsbA=="
        }
      ]
    },
    {
      "mode": "managed",
      "type": "aws_iam_role",
      "name": "writeRole",
      "provider": "provider[\"registry.terraform.io/hashicorp/aws\"]",
      "instances": [
        {
          "schema_version": 0,
          "attributes": {
            "arn": "arn:aws:iam::296274010522:role/myWriteRole",
            "assume_role_policy": "{\"Version\":\"2012-10-17\",\"Statement\":[{\"Effect\":\"Allow\",\"Principal\":{\"Service\":\"lambda.amazonaws.com\"},\"Action\":\"sts:AssumeRole\"}]}",
            "create_date": "2022-01-26T10:35:44Z",
            "description": "",
            "force_detach_policies": false,
            "id": "myWriteRole",
            "inline_policy": [
              {
                "name": "lambda_write_policy",
                "policy": "{\n  \"Version\": \"2012-10-17\",\n  \"Statement\": [\n    {\n      \"Sid\": \"Stmt1604733000129\",\n      \"Action\": [\n        \"dynamodb:BatchWriteItem\",\n        \"dynamodb:PutItem\",\n        \"dynamodb:UpdateItem\"\n      ],\n      \"Effect\": \"Allow\",\n      \"Resource\": \"arn:aws:dynamodb:eu-west-1:00000000:table/myTable-007\"\n    }\n  ]\n}"
              }
            ],
            "managed_policy_arns": [],
            "max_session_duration": 3600,
            "name": "myWriteRole",
            "name_prefix": "",
            "path": "/",
            "permissions_boundary": null,
            "tags": {},
            "tags_all": {},
            "unique_id": "AROAUJ62OUGNPXFAQKOUD"
          },
          "sensitive_attributes": [],
          "private": "bnVsbA=="
        }
      ]
    },
    {
      "mode": "managed",
      "type": "aws_iam_role_policy",
      "name": "read_policy",
      "provider": "provider[\"registry.terraform.io/hashicorp/aws\"]",
      "instances": [
        {
          "schema_version": 0,
          "attributes": {
            "id": "myReadRole:lambda_read_policy",
            "name": "lambda_read_policy",
            "name_prefix": null,
            "policy": "{\n  \"Version\": \"2012-10-17\",\n  \"Statement\": [\n    {\n      \"Sid\": \"Stmt1604732925387\",\n      \"Action\": [\n        \"dynamodb:BatchGetItem\",\n        \"dynamodb:GetItem\",\n        \"dynamodb:Query\",\n        \"dynamodb:Scan\"\n      ],\n      \"Effect\": \"Allow\",\n      \"Resource\": \"arn:aws:dynamodb:eu-west-1:0000000:table/myTable-007\"\n    }\n  ]\n}\n",
            "role": "myReadRole"
          },
          "sensitive_attributes": [],
          "private": "bnVsbA==",
          "dependencies": [
            "aws_iam_role.readRole"
          ]
        }
      ]
    },
    {
      "mode": "managed",
      "type": "aws_iam_role_policy",
      "name": "write_policy",
      "provider": "provider[\"registry.terraform.io/hashicorp/aws\"]",
      "instances": [
        {
          "schema_version": 0,
          "attributes": {
            "id": "myWriteRole:lambda_write_policy",
            "name": "lambda_write_policy",
            "name_prefix": null,
            "policy": "{\n  \"Version\": \"2012-10-17\",\n  \"Statement\": [\n    {\n      \"Sid\": \"Stmt1604733000129\",\n      \"Action\": [\n        \"dynamodb:BatchWriteItem\",\n        \"dynamodb:PutItem\",\n        \"dynamodb:UpdateItem\"\n      ],\n      \"Effect\": \"Allow\",\n      \"Resource\": \"arn:aws:dynamodb:eu-west-1:00000000:table/myTable-007\"\n    }\n  ]\n}",
            "role": "myWriteRole"
          },
          "sensitive_attributes": [],
          "private": "bnVsbA==",
          "dependencies": [
            "aws_iam_role.writeRole"
          ]
        }
      ]
    },
    {
      "mode": "managed",
      "type": "aws_lambda_function",
      "name": "readLambda",
      "provider": "provider[\"registry.terraform.io/hashicorp/aws\"]",
      "instances": [
        {
          "schema_version": 0,
          "attributes": {
            "architectures": [
              "x86_64"
            ],
            "arn": "arn:aws:lambda:eu-west-1:296274010522:function:readLambda",
            "code_signing_config_arn": "",
            "dead_letter_config": [],
            "description": "",
            "environment": [],
            "file_system_config": [],
            "filename": "readterra.zip",
            "function_name": "readLambda",
            "handler": "readterra.handler",
            "id": "readLambda",
            "image_config": [],
            "image_uri": "",
            "invoke_arn": "arn:aws:apigateway:eu-west-1:lambda:path/2015-03-31/functions/arn:aws:lambda:eu-west-1:296274010522:function:readLambda/invocations",
            "kms_key_arn": "",
            "last_modified": "2022-01-26T10:38:55.145+0000",
            "layers": null,
            "memory_size": 128,
            "package_type": "Zip",
            "publish": false,
            "qualified_arn": "arn:aws:lambda:eu-west-1:296274010522:function:readLambda:$LATEST",
            "reserved_concurrent_executions": -1,
            "role": "arn:aws:iam::296274010522:role/myReadRole",
            "runtime": "nodejs12.x",
            "s3_bucket": null,
            "s3_key": null,
            "s3_object_version": null,
            "signing_job_arn": "",
            "signing_profile_version_arn": "",
            "source_code_hash": "A8qRosBo6FGiJ3PGZarqzGux2hOmhZ81u64KsaLLQjo=",
            "source_code_size": 562,
            "tags": null,
            "tags_all": {},
            "timeout": 3,
            "timeouts": null,
            "tracing_config": [
              {
                "mode": "PassThrough"
              }
            ],
            "version": "$LATEST",
            "vpc_config": []
          },
          "sensitive_attributes": [],
          "private": "eyJlMmJmYjczMC1lY2FhLTExZTYtOGY4OC0zNDM2M2JjN2M0YzAiOnsiY3JlYXRlIjo2MDAwMDAwMDAwMDB9fQ==",
          "dependencies": [
            "aws_iam_role.readRole"
          ]
        }
      ]
    },
    {
      "mode": "managed",
      "type": "aws_lambda_function",
      "name": "writeLambda",
      "provider": "provider[\"registry.terraform.io/hashicorp/aws\"]",
      "instances": [
        {
          "schema_version": 0,
          "attributes": {
            "architectures": [
              "x86_64"
            ],
            "arn": "arn:aws:lambda:eu-west-1:296274010522:function:writeLambda",
            "code_signing_config_arn": "",
            "dead_letter_config": [],
            "description": "",
            "environment": [],
            "file_system_config": [],
            "filename": "writeterra.zip",
            "function_name": "writeLambda",
            "handler": "writeterra.handler",
            "id": "writeLambda",
            "image_config": [],
            "image_uri": "",
            "invoke_arn": "arn:aws:apigateway:eu-west-1:lambda:path/2015-03-31/functions/arn:aws:lambda:eu-west-1:296274010522:function:writeLambda/invocations",
            "kms_key_arn": "",
            "last_modified": "2022-01-26T10:39:04.341+0000",
            "layers": null,
            "memory_size": 128,
            "package_type": "Zip",
            "publish": false,
            "qualified_arn": "arn:aws:lambda:eu-west-1:296274010522:function:writeLambda:$LATEST",
            "reserved_concurrent_executions": -1,
            "role": "arn:aws:iam::296274010522:role/myWriteRole",
            "runtime": "nodejs12.x",
            "s3_bucket": null,
            "s3_key": null,
            "s3_object_version": null,
            "signing_job_arn": "",
            "signing_profile_version_arn": "",
            "source_code_hash": "whVnQxdxZanscugAiSXgfFzFYzMqk89ZPaQx31CSYOM=",
            "source_code_size": 596,
            "tags": null,
            "tags_all": {},
            "timeout": 3,
            "timeouts": null,
            "tracing_config": [
              {
                "mode": "PassThrough"
              }
            ],
            "version": "$LATEST",
            "vpc_config": []
          },
          "sensitive_attributes": [],
          "private": "eyJlMmJmYjczMC1lY2FhLTExZTYtOGY4OC0zNDM2M2JjN2M0YzAiOnsiY3JlYXRlIjo2MDAwMDAwMDAwMDB9fQ==",
          "dependencies": [
            "aws_iam_role.writeRole"
          ]
        }
      ]
    },
    {
      "mode": "managed",
      "type": "aws_lambda_permission",
      "name": "readPermission",
      "provider": "provider[\"registry.terraform.io/hashicorp/aws\"]",
      "instances": [
        {
          "schema_version": 0,
          "attributes": {
            "action": "lambda:InvokeFunction",
            "event_source_token": null,
            "function_name": "readLambda",
            "id": "AllowExecutionFromAPIGateway",
            "principal": "apigateway.amazonaws.com",
            "qualifier": "",
            "source_account": null,
            "source_arn": "arn:aws:execute-api:eu-west-1:296274010522:2mq883kes5/Prod/POST/readdb",
            "statement_id": "AllowExecutionFromAPIGateway",
            "statement_id_prefix": null
          },
          "sensitive_attributes": [],
          "private": "bnVsbA==",
          "dependencies": [
            "aws_api_gateway_rest_api.apiLambda",
            "aws_iam_role.readRole",
            "aws_lambda_function.readLambda"
          ]
        }
      ]
    },
    {
      "mode": "managed",
      "type": "aws_lambda_permission",
      "name": "writePermission",
      "provider": "provider[\"registry.terraform.io/hashicorp/aws\"]",
      "instances": [
        {
          "schema_version": 0,
          "attributes": {
            "action": "lambda:InvokeFunction",
            "event_source_token": null,
            "function_name": "writeLambda",
            "id": "AllowExecutionFromAPIGateway",
            "principal": "apigateway.amazonaws.com",
            "qualifier": "",
            "source_account": null,
            "source_arn": "arn:aws:execute-api:eu-west-1:296274010522:2mq883kes5/Prod/POST/writedb",
            "statement_id": "AllowExecutionFromAPIGateway",
            "statement_id_prefix": null
          },
          "sensitive_attributes": [],
          "private": "bnVsbA==",
          "dependencies": [
            "aws_api_gateway_rest_api.apiLambda",
            "aws_iam_role.writeRole",
            "aws_lambda_function.writeLambda"
          ]
        }
      ]
    },
    {
      "mode": "managed",
      "type": "aws_s3_bucket",
      "name": "b",
      "provider": "provider[\"registry.terraform.io/hashicorp/aws\"]",
      "instances": [
        {
          "schema_version": 0,
          "attributes": {
            "acceleration_status": "",
            "acl": "private",
            "arn": "arn:aws:s3:::my-baseball-buck-007",
            "bucket": "my-baseball-buck-007",
            "bucket_domain_name": "my-baseball-buck-007.s3.amazonaws.com",
            "bucket_prefix": null,
            "bucket_regional_domain_name": "my-baseball-buck-007.s3.eu-west-1.amazonaws.com",
            "cors_rule": [],
            "force_destroy": false,
            "grant": [],
            "hosted_zone_id": "Z1BKCTXD74EZPE",
            "id": "my-baseball-buck-007",
            "lifecycle_rule": [],
            "logging": [],
            "object_lock_configuration": [],
            "policy": null,
            "region": "eu-west-1",
            "replication_configuration": [],
            "request_payer": "BucketOwner",
            "server_side_encryption_configuration": [],
            "tags": {
              "Environment": "Dev",
              "Name": "My bucket"
            },
            "tags_all": {
              "Environment": "Dev",
              "Name": "My bucket"
            },
            "versioning": [
              {
                "enabled": false,
                "mfa_delete": false
              }
            ],
            "website": [],
            "website_domain": null,
            "website_endpoint": null
          },
          "sensitive_attributes": [],
          "private": "bnVsbA=="
        }
      ]
    }
  ]
}
